// !$*UTF8*$!
{
	archiveVersion = 1;
	classes = {
	};
	objectVersion = 46;
	objects = {

/* Begin PBXBuildFile section */
		A0BEB7FD1F3F867D00FF3621 /* AppDelegate.swift in Sources */ = {isa = PBXBuildFile; fileRef = A0BEB7FC1F3F867D00FF3621 /* AppDelegate.swift */; };
		A0BEB7FF1F3F867D00FF3621 /* ViewController.swift in Sources */ = {isa = PBXBuildFile; fileRef = A0BEB7FE1F3F867D00FF3621 /* ViewController.swift */; };
		A0BEB8021F3F867D00FF3621 /* Main.storyboard in Resources */ = {isa = PBXBuildFile; fileRef = A0BEB8001F3F867D00FF3621 /* Main.storyboard */; };
		A0BEB8041F3F867D00FF3621 /* Assets.xcassets in Resources */ = {isa = PBXBuildFile; fileRef = A0BEB8031F3F867D00FF3621 /* Assets.xcassets */; };
		A0BEB8071F3F867D00FF3621 /* LaunchScreen.storyboard in Resources */ = {isa = PBXBuildFile; fileRef = A0BEB8051F3F867D00FF3621 /* LaunchScreen.storyboard */; };
/* End PBXBuildFile section */

/* Begin PBXFileReference section */
		A0BEB7F91F3F867D00FF3621 /* BridgeHelp II.app */ = {isa = PBXFileReference; explicitFileType = wrapper.application; includeInIndex = 0; path = "BridgeHelp II.app"; sourceTree = BUILT_PRODUCTS_DIR; };
		A0BEB7FC1F3F867D00FF3621 /* AppDelegate.swift */ = {isa = PBXFileReference; lastKnownFileType = sourcecode.swift; path = AppDelegate.swift; sourceTree = "<group>"; };
		A0BEB7FE1F3F867D00FF3621 /* ViewController.swift */ = {isa = PBXFileReference; lastKnownFileType = sourcecode.swift; path = ViewController.swift; sourceTree = "<group>"; };
		A0BEB8011F3F867D00FF3621 /* Base */ = {isa = PBXFileReference; lastKnownFileType = file.storyboard; name = Base; path = Base.lproj/Main.storyboard; sourceTree = "<group>"; };
		A0BEB8031F3F867D00FF3621 /* Assets.xcassets */ = {isa = PBXFileReference; lastKnownFileType = folder.assetcatalog; path = Assets.xcassets; sourceTree = "<group>"; };
		A0BEB8061F3F867D00FF3621 /* Base */ = {isa = PBXFileReference; lastKnownFileType = file.storyboard; name = Base; path = Base.lproj/LaunchScreen.storyboard; sourceTree = "<group>"; };
		A0BEB8081F3F867D00FF3621 /* Info.plist */ = {isa = PBXFileReference; lastKnownFileType = text.plist.xml; path = Info.plist; sourceTree = "<group>"; };
/* End PBXFileReference section */

/* Begin PBXFrameworksBuildPhase section */
		A0BEB7F61F3F867D00FF3621 /* Frameworks */ = {
			isa = PBXFrameworksBuildPhase;
			buildActionMask = 2147483647;
			files = (
			);
			runOnlyForDeploymentPostprocessing = 0;
		};
/* End PBXFrameworksBuildPhase section */

/* Begin PBXGroup section */
		A09C62611F3FB73C00CD2AA8 /* Supporting files */ = {
			isa = PBXGroup;
			children = (
				A0BEB7FC1F3F867D00FF3621 /* AppDelegate.swift */,
				A0BEB8051F3F867D00FF3621 /* LaunchScreen.storyboard */,
				A0BEB8081F3F867D00FF3621 /* Info.plist */,
			);
			name = "Supporting files";
			sourceTree = "<group>";
		};
		A0BEB7F01F3F867D00FF3621 = {
			isa = PBXGroup;
			children = (
				A0BEB7FB1F3F867D00FF3621 /* BridgeHelp II */,
				A0BEB7FA1F3F867D00FF3621 /* Products */,
			);
			sourceTree = "<group>";
		};
		A0BEB7FA1F3F867D00FF3621 /* Products */ = {
			isa = PBXGroup;
			children = (
				A0BEB7F91F3F867D00FF3621 /* BridgeHelp II.app */,
			);
			name = Products;
			sourceTree = "<group>";
		};
		A0BEB7FB1F3F867D00FF3621 /* BridgeHelp II */ = {
			isa = PBXGroup;
			children = (
				A0BEB7FE1F3F867D00FF3621 /* ViewController.swift */,
				A0BEB8001F3F867D00FF3621 /* Main.storyboard */,
				A0BEB8031F3F867D00FF3621 /* Assets.xcassets */,
				A09C62611F3FB73C00CD2AA8 /* Supporting files */,
			);
			path = "BridgeHelp II";
			sourceTree = "<group>";
		};
/* End PBXGroup section */

/* Begin PBXNativeTarget section */
		A0BEB7F81F3F867D00FF3621 /* BridgeHelp II */ = {
			isa = PBXNativeTarget;
			buildConfigurationList = A0BEB80B1F3F867D00FF3621 /* Build configuration list for PBXNativeTarget "BridgeHelp II" */;
			buildPhases = (
				A0BEB7F51F3F867D00FF3621 /* Sources */,
				A0BEB7F61F3F867D00FF3621 /* Frameworks */,
				A0BEB7F71F3F867D00FF3621 /* Resources */,
			);
			buildRules = (
			);
			dependencies = (
			);
			name = "BridgeHelp II";
			productName = "BridgeHelp II";
			productReference = A0BEB7F91F3F867D00FF3621 /* BridgeHelp II.app */;
			productType = "com.apple.product-type.application";
		};
/* End PBXNativeTarget section */

/* Begin PBXProject section */
		A0BEB7F11F3F867D00FF3621 /* Project object */ = {
			isa = PBXProject;
			attributes = {
				LastSwiftUpdateCheck = 0830;
				LastUpgradeCheck = 0900;
				ORGANIZATIONNAME = "Eduardo Herrera";
				TargetAttributes = {
					A0BEB7F81F3F867D00FF3621 = {
						CreatedOnToolsVersion = 8.3.3;
						DevelopmentTeam = J3R9SPFEX5;
						LastSwiftMigration = 0900;
						ProvisioningStyle = Automatic;
					};
				};
			};
			buildConfigurationList = A0BEB7F41F3F867D00FF3621 /* Build configuration list for PBXProject "BridgeHelp II" */;
			compatibilityVersion = "Xcode 3.2";
			developmentRegion = English;
			hasScannedForEncodings = 0;
			knownRegions = (
				en,
				Base,
			);
			mainGroup = A0BEB7F01F3F867D00FF3621;
			productRefGroup = A0BEB7FA1F3F867D00FF3621 /* Products */;
			projectDirPath = "";
			projectRoot = "";
			targets = (
				A0BEB7F81F3F867D00FF3621 /* BridgeHelp II */,
			);
		};
/* End PBXProject section */

/* Begin PBXResourcesBuildPhase section */
		A0BEB7F71F3F867D00FF3621 /* Resources */ = {
			isa = PBXResourcesBuildPhase;
			buildActionMask = 2147483647;
			files = (
				A0BEB8071F3F867D00FF3621 /* LaunchScreen.storyboard in Resources */,
				A0BEB8041F3F867D00FF3621 /* Assets.xcassets in Resources */,
				A0BEB8021F3F867D00FF3621 /* Main.storyboard in Resources */,
			);
			runOnlyForDeploymentPostprocessing = 0;
		};
/* End PBXResourcesBuildPhase section */

/* Begin PBXSourcesBuildPhase section */
		A0BEB7F51F3F867D00FF3621 /* Sources */ = {
			isa = PBXSourcesBuildPhase;
			buildActionMask = 2147483647;
			files = (
				A0BEB7FF1F3F867D00FF3621 /* ViewController.swift in Sources */,
				A0BEB7FD1F3F867D00FF3621 /* AppDelegate.swift in Sources */,
			);
			runOnlyForDeploymentPostprocessing = 0;
		};
/* End PBXSourcesBuildPhase section */

/* Begin PBXVariantGroup section */
		A0BEB8001F3F867D00FF3621 /* Main.storyboard */ = {
			isa = PBXVariantGroup;
			children = (
				A0BEB8011F3F867D00FF3621 /* Base */,
			);
			name = Main.storyboard;
			sourceTree = "<group>";
		};
		A0BEB8051F3F867D00FF3621 /* LaunchScreen.storyboard */ = {
			isa = PBXVariantGroup;
			children = (
				A0BEB8061F3F867D00FF3621 /* Base */,
			);
			name = LaunchScreen.storyboard;
			sourceTree = "<group>";
		};
/* End PBXVariantGroup section */

/* Begin XCBuildConfiguration section */
		A0BEB8091F3F867D00FF3621 /* Debug */ = {
			isa = XCBuildConfiguration;
			buildSettings = {
				ALWAYS_SEARCH_USER_PATHS = NO;
				CLANG_ANALYZER_NONNULL = YES;
				CLANG_ANALYZER_NUMBER_OBJECT_CONVERSION = YES_AGGRESSIVE;
				CLANG_CXX_LANGUAGE_STANDARD = "gnu++0x";
				CLANG_CXX_LIBRARY = "libc++";
				CLANG_ENABLE_MODULES = YES;
				CLANG_ENABLE_OBJC_ARC = YES;
				CLANG_WARN_BLOCK_CAPTURE_AUTORELEASING = YES;
				CLANG_WARN_BOOL_CONVERSION = YES;
				CLANG_WARN_COMMA = YES;
				CLANG_WARN_CONSTANT_CONVERSION = YES;
				CLANG_WARN_DIRECT_OBJC_ISA_USAGE = YES_ERROR;
				CLANG_WARN_DOCUMENTATION_COMMENTS = YES;
				CLANG_WARN_EMPTY_BODY = YES;
				CLANG_WARN_ENUM_CONVERSION = YES;
				CLANG_WARN_INFINITE_RECURSION = YES;
				CLANG_WARN_INT_CONVERSION = YES;
				CLANG_WARN_NON_LITERAL_NULL_CONVERSION = YES;
				CLANG_WARN_OBJC_LITERAL_CONVERSION = YES;
				CLANG_WARN_OBJC_ROOT_CLASS = YES_ERROR;
				CLANG_WARN_RANGE_LOOP_ANALYSIS = YES;
				CLANG_WARN_STRICT_PROTOTYPES = YES;
				CLANG_WARN_SUSPICIOUS_MOVE = YES;
				CLANG_WARN_UNREACHABLE_CODE = YES;
				CLANG_WARN__DUPLICATE_METHOD_MATCH = YES;
				"CODE_SIGN_IDENTITY[sdk=iphoneos*]" = "iPhone Developer";
				COPY_PHASE_STRIP = NO;
				DEBUG_INFORMATION_FORMAT = dwarf;
				ENABLE_STRICT_OBJC_MSGSEND = YES;
				ENABLE_TESTABILITY = YES;
				GCC_C_LANGUAGE_STANDARD = gnu99;
				GCC_DYNAMIC_NO_PIC = NO;
				GCC_NO_COMMON_BLOCKS = YES;
				GCC_OPTIMIZATION_LEVEL = 0;
				GCC_PREPROCESSOR_DEFINITIONS = (
					"DEBUG=1",
					"$(inherited)",
				);
				GCC_WARN_64_TO_32_BIT_CONVERSION = YES;
				GCC_WARN_ABOUT_RETURN_TYPE = YES_ERROR;
				GCC_WARN_UNDECLARED_SELECTOR = YES;
				GCC_WARN_UNINITIALIZED_AUTOS = YES_AGGRESSIVE;
				GCC_WARN_UNUSED_FUNCTION = YES;
				GCC_WARN_UNUSED_VARIABLE = YES;
				IPHONEOS_DEPLOYMENT_TARGET = 10.3;
				MTL_ENABLE_DEBUG_INFO = YES;
				ONLY_ACTIVE_ARCH = YES;
				SDKROOT = iphoneos;
				SWIFT_ACTIVE_COMPILATION_CONDITIONS = DEBUG;
				SWIFT_OPTIMIZATION_LEVEL = "-Onone";
				TARGETED_DEVICE_FAMILY = "1,2";
			};
			name = Debug;
		};
		A0BEB80A1F3F867D00FF3621 /* Release */ = {
			isa = XCBuildConfiguration;
			buildSettings = {
				ALWAYS_SEARCH_USER_PATHS = NO;
				CLANG_ANALYZER_NONNULL = YES;
				CLANG_ANALYZER_NUMBER_OBJECT_CONVERSION = YES_AGGRESSIVE;
				CLANG_CXX_LANGUAGE_STANDARD = "gnu++0x";
				CLANG_CXX_LIBRARY = "libc++";
				CLANG_ENABLE_MODULES = YES;
				CLANG_ENABLE_OBJC_ARC = YES;
				CLANG_WARN_BLOCK_CAPTURE_AUTORELEASING = YES;
				CLANG_WARN_BOOL_CONVERSION = YES;
				CLANG_WARN_COMMA = YES;
				CLANG_WARN_CONSTANT_CONVERSION = YES;
				CLANG_WARN_DIRECT_OBJC_ISA_USAGE = YES_ERROR;
				CLANG_WARN_DOCUMENTATION_COMMENTS = YES;
				CLANG_WARN_EMPTY_BODY = YES;
				CLANG_WARN_ENUM_CONVERSION = YES;
				CLANG_WARN_INFINITE_RECURSION = YES;
				CLANG_WARN_INT_CONVERSION = YES;
				CLANG_WARN_NON_LITERAL_NULL_CONVERSION = YES;
				CLANG_WARN_OBJC_LITERAL_CONVERSION = YES;
				CLANG_WARN_OBJC_ROOT_CLASS = YES_ERROR;
				CLANG_WARN_RANGE_LOOP_ANALYSIS = YES;
				CLANG_WARN_STRICT_PROTOTYPES = YES;
				CLANG_WARN_SUSPICIOUS_MOVE = YES;
				CLANG_WARN_UNREACHABLE_CODE = YES;
				CLANG_WARN__DUPLICATE_METHOD_MATCH = YES;
				"CODE_SIGN_IDENTITY[sdk=iphoneos*]" = "iPhone Developer";
				COPY_PHASE_STRIP = NO;
				DEBUG_INFORMATION_FORMAT = "dwarf-with-dsym";
				ENABLE_NS_ASSERTIONS = NO;
				ENABLE_STRICT_OBJC_MSGSEND = YES;
				GCC_C_LANGUAGE_STANDARD = gnu99;
				GCC_NO_COMMON_BLOCKS = YES;
				GCC_WARN_64_TO_32_BIT_CONVERSION = YES;
				GCC_WARN_ABOUT_RETURN_TYPE = YES_ERROR;
				GCC_WARN_UNDECLARED_SELECTOR = YES;
				GCC_WARN_UNINITIALIZED_AUTOS = YES_AGGRESSIVE;
				GCC_WARN_UNUSED_FUNCTION = YES;
				GCC_WARN_UNUSED_VARIABLE = YES;
				IPHONEOS_DEPLOYMENT_TARGET = 10.3;
				MTL_ENABLE_DEBUG_INFO = NO;
				SDKROOT = iphoneos;
				SWIFT_OPTIMIZATION_LEVEL = "-Owholemodule";
				TARGETED_DEVICE_FAMILY = "1,2";
				VALIDATE_PRODUCT = YES;
			};
			name = Release;
		};
		A0BEB80C1F3F867D00FF3621 /* Debug */ = {
			isa = XCBuildConfiguration;
			buildSettings = {
				ASSETCATALOG_COMPILER_APPICON_NAME = AppIcon;
				DEVELOPMENT_TEAM = J3R9SPFEX5;
				INFOPLIST_FILE = "BridgeHelp II/Info.plist";
				LD_RUNPATH_SEARCH_PATHS = "$(inherited) @executable_path/Frameworks";
				PRODUCT_BUNDLE_IDENTIFIER = "edu.stanford.cs193p.eherrera.BridgeHelp-II";
				PRODUCT_NAME = "$(TARGET_NAME)";
				SWIFT_SWIFT3_OBJC_INFERENCE = On;
				SWIFT_VERSION = 4.0;
			};
			name = Debug;
		};
		A0BEB80D1F3F867D00FF3621 /* Release */ = {
			isa = XCBuildConfiguration;
			buildSettings = {
				ASSETCATALOG_COMPILER_APPICON_NAME = AppIcon;
				DEVELOPMENT_TEAM = J3R9SPFEX5;
				INFOPLIST_FILE = "BridgeHelp II/Info.plist";
				LD_RUNPATH_SEARCH_PATHS = "$(inherited) @executable_path/Frameworks";
				PRODUCT_BUNDLE_IDENTIFIER = "edu.stanford.cs193p.eherrera.BridgeHelp-II";
				PRODUCT_NAME = "$(TARGET_NAME)";
				SWIFT_SWIFT3_OBJC_INFERENCE = On;
				SWIFT_VERSION = 4.0;
			};
			name = Release;
		};
/* End XCBuildConfiguration section */

/* Begin XCConfigurationList section */
		A0BEB7F41F3F867D00FF3621 /* Build configuration list for PBXProject "BridgeHelp II" */ = {
			isa = XCConfigurationList;
			buildConfigurations = (
				A0BEB8091F3F867D00FF3621 /* Debug */,
				A0BEB80A1F3F867D00FF3621 /* Release */,
			);
			defaultConfigurationIsVisible = 0;
			defaultConfigurationName = Release;
		};
		A0BEB80B1F3F867D00FF3621 /* Build configuration list for PBXNativeTarget "BridgeHelp II" */ = {
			isa = XCConfigurationList;
			buildConfigurations = (
				A0BEB80C1F3F867D00FF3621 /* Debug */,
				A0BEB80D1F3F867D00FF3621 /* Release */,
			);
			defaultConfigurationIsVisible = 0;
			defaultConfigurationName = Release;
		};
/* End XCConfigurationList section */
	};
	rootObject = A0BEB7F11F3F867D00FF3621 /* Project object */;
}
